{
  "name": "standard",
  "version": "0.0.1",
  "lockfileVersion": 1,
  "requires": true,
  "dependencies": {
    "@types/estree": {
      "version": "0.0.41",
      "resolved": "https://registry.npmjs.org/@types/estree/-/estree-0.0.41.tgz",
      "integrity": "sha512-rIAmXyJlqw4KEBO7+u9gxZZSQHaCNnIzYrnNmYVpgfJhxTqO0brCX0SYpqUTkVI5mwwUwzmtspLBGBKroMeynA=="
    },
    "@vue/compiler-core": {
      "version": "3.0.0-alpha.0",
      "resolved": "https://registry.npmjs.org/@vue/compiler-core/-/compiler-core-3.0.0-alpha.0.tgz",
      "integrity": "sha512-9Yavlt5pA0kP9IxztuEYkNwpgqtyvcL3eHI78d0vZNG0QCRz3nrdJiI4cmTi4aRw8gTzmDN8c1N9k5quwbyzxQ==",
      "requires": {
        "acorn": "^7.1.0",
        "estree-walker": "^0.8.1",
        "source-map": "^0.6.1"
      }
    },
    "@vue/compiler-dom": {
      "version": "3.0.0-alpha.0",
      "resolved": "https://registry.npmjs.org/@vue/compiler-dom/-/compiler-dom-3.0.0-alpha.0.tgz",
      "integrity": "sha512-JJnigid6juCuudd9ZYTbxdUId5T2s2rM6ULYHrDHqxHjnfxxx+SdOZeBMcrNfZkmLa8wTSzo+aXe1+KYlvPOJw==",
      "requires": {
        "@vue/compiler-core": "3.0.0-alpha.0"
      }
    },
    "@vue/reactivity": {
      "version": "3.0.0-alpha.0",
      "resolved": "https://registry.npmjs.org/@vue/reactivity/-/reactivity-3.0.0-alpha.0.tgz",
      "integrity": "sha512-v3k/hdeLwixX1dLOFUJp4VSZ77Wm3F6zP+xpZvhqhvGEzTlN3esCf2nSZ2swzR6ZZrdI+Dw0N1r6JiDsCZ0KSA=="
    },
    "@vue/runtime-core": {
      "version": "3.0.0-alpha.0",
      "resolved": "https://registry.npmjs.org/@vue/runtime-core/-/runtime-core-3.0.0-alpha.0.tgz",
      "integrity": "sha512-CqsbpeQwHSdF2LUcwVGf8rWG3Z2dhMvOficMu3Nk+gh+ZfUtqm+dCAEeBCjTfFaA8rC3Bsgrjyq8YGcA8Th//w==",
      "requires": {
        "@vue/reactivity": "3.0.0-alpha.0"
      }
    },
    "@vue/runtime-dom": {
      "version": "3.0.0-alpha.0",
      "resolved": "https://registry.npmjs.org/@vue/runtime-dom/-/runtime-dom-3.0.0-alpha.0.tgz",
      "integrity": "sha512-D7ElICdLQmJaQjBMQ+RgQEILHzmB9EgPYOdP5aEFewVg4lzUac0eccaRR5/rTWRxHnQ7D9OT2TMgBFqXngl1tg==",
      "requires": {
        "@vue/runtime-core": "3.0.0-alpha.0"
      }
    },
    "acorn": {
      "version": "7.1.0",
      "resolved": "https://registry.npmjs.org/acorn/-/acorn-7.1.0.tgz",
      "integrity": "sha512-kL5CuoXA/dgxlBbVrflsflzQ3PAas7RYZB52NOm/6839iVYJgKMJ3cQJD+t2i5+qFa8h3MDpEOJiS64E8JLnSQ=="
    },
    "estree-walker": {
      "version": "0.8.1",
      "resolved": "https://registry.npmjs.org/estree-walker/-/estree-walker-0.8.1.tgz",
      "integrity": "sha512-H6cJORkqvrNziu0KX2hqOMAlA2CiuAxHeGJXSIoKA/KLv229Dw806J3II6mKTm5xiDX1At1EXCfsOQPB+tMB+g=="
    },
    "source-map": {
      "version": "0.6.1",
      "resolved": "https://registry.npmjs.org/source-map/-/source-map-0.6.1.tgz",
      "integrity": "sha512-UjgapumWlbMhkBgzT7Ykc5YXUT46F0iKu8SGXq0bcwP5dz/h0Plj6enJqjz1Zbq2l5WaqYnrVbwWOWMyF3F47g=="
    },
    "vue": {
      "version": "3.0.0-alpha.0",
      "resolved": "https://registry.npmjs.org/vue/-/vue-3.0.0-alpha.0.tgz",
      "integrity": "sha512-wgQ1r4LVNQFD+L5bczQvItT+8Cak0jsA9cRIxwlyh+kb1jr6L8UktueEuBSoYhvC/899kprBuaR1vZHRAh5CLg==",
      "requires": {
        "@vue/compiler-dom": "3.0.0-alpha.0",
        "@vue/runtime-dom": "3.0.0-alpha.0"
      }
    }
  }
}
