{
  "name": "cube-ui-standard",
  "version": "0.0.1",
  "lockfileVersion": 1,
  "requires": true,
  "dependencies": {
    "@types/estree": {
      "version": "0.0.41",
      "resolved": "https://registry.npmjs.org/@types/estree/-/estree-0.0.41.tgz",
      "integrity": "sha512-rIAmXyJlqw4KEBO7+u9gxZZSQHaCNnIzYrnNmYVpgfJhxTqO0brCX0SYpqUTkVI5mwwUwzmtspLBGBKroMeynA=="
    },
    "@vue/compiler-core": {
      "version": "3.0.0-alpha.1",
      "resolved": "https://registry.npmjs.org/@vue/compiler-core/-/compiler-core-3.0.0-alpha.1.tgz",
      "integrity": "sha512-TKWRUtPfeOQmm4fylfgjp5ENf0nWYuWp2nhzXXZdVn+upqNJNw9nX45WhQDSamyhB1inSyjsg/+jQq5FnUC/rQ==",
      "requires": {
        "acorn": "^7.1.0",
        "estree-walker": "^0.8.1",
        "source-map": "^0.6.1"
      }
    },
    "@vue/compiler-dom": {
      "version": "3.0.0-alpha.1",
      "resolved": "https://registry.npmjs.org/@vue/compiler-dom/-/compiler-dom-3.0.0-alpha.1.tgz",
      "integrity": "sha512-3gEYW/G3FyQtpgARw/eVhfJPiUQchfRdpoRmkFZUDGpnqqw0fRr30u8Bm80JYajH5y3DgYOZbt6yIhy8enNPpw==",
      "requires": {
        "@vue/compiler-core": "3.0.0-alpha.1"
      }
    },
    "@vue/reactivity": {
      "version": "3.0.0-alpha.1",
      "resolved": "https://registry.npmjs.org/@vue/reactivity/-/reactivity-3.0.0-alpha.1.tgz",
      "integrity": "sha512-yhH5mZqCt5MCiAAtF9Tv7ofph8erpb54hX6nCBJHotOm/IuR4G4TpQcKs4m0LVsW8EIFjTrE4XI4ekuMqjCXeQ=="
    },
    "@vue/runtime-core": {
      "version": "3.0.0-alpha.1",
      "resolved": "https://registry.npmjs.org/@vue/runtime-core/-/runtime-core-3.0.0-alpha.1.tgz",
      "integrity": "sha512-oNDjcx/uR+98Omm7o651gwVnUfePh5JySR73ubeENnwZejMnShMwsNrJgLxgn6y5DzbPirIerPbFrXbFBQ9cJA==",
      "requires": {
        "@vue/reactivity": "3.0.0-alpha.1"
      }
    },
    "@vue/runtime-dom": {
      "version": "3.0.0-alpha.1",
      "resolved": "https://registry.npmjs.org/@vue/runtime-dom/-/runtime-dom-3.0.0-alpha.1.tgz",
      "integrity": "sha512-NOEg4cXykAZFmnBPFZs/ncJh1lXn3/j4VYD9YZn/myn905AxaWYslv71f0lh1eLgMw3yRh3W0Gi1P12U5D2iVA==",
      "requires": {
        "@vue/runtime-core": "3.0.0-alpha.1"
      }
    },
    "acorn": {
      "version": "7.1.1",
      "resolved": "https://registry.npmjs.org/acorn/-/acorn-7.1.1.tgz",
      "integrity": "sha512-add7dgA5ppRPxCFJoAGfMDi7PIBXq1RtGo7BhbLaxwrXPOmw8gq48Y9ozT01hUKy9byMjlR20EJhu5zlkErEkg=="
    },
    "estree-walker": {
      "version": "0.8.1",
      "resolved": "https://registry.npmjs.org/estree-walker/-/estree-walker-0.8.1.tgz",
      "integrity": "sha512-H6cJORkqvrNziu0KX2hqOMAlA2CiuAxHeGJXSIoKA/KLv229Dw806J3II6mKTm5xiDX1At1EXCfsOQPB+tMB+g=="
    },
    "source-map": {
      "version": "0.6.1",
      "resolved": "https://registry.npmjs.org/source-map/-/source-map-0.6.1.tgz",
      "integrity": "sha512-UjgapumWlbMhkBgzT7Ykc5YXUT46F0iKu8SGXq0bcwP5dz/h0Plj6enJqjz1Zbq2l5WaqYnrVbwWOWMyF3F47g=="
    },
    "vue": {
      "version": "3.0.0-alpha.1",
      "resolved": "https://registry.npmjs.org/vue/-/vue-3.0.0-alpha.1.tgz",
      "integrity": "sha512-6yLtH27wZtqYLXbd5M0kSbHAEClV66sih5CAQ8SCvV+9JUQMF//j1mMBzf2xdoJeOPZDkNpqooB85vyJxT8e3Q==",
      "requires": {
        "@vue/compiler-dom": "3.0.0-alpha.1",
        "@vue/runtime-dom": "3.0.0-alpha.1"
      }
    }
  }
}
